
Microsoft Visual Studio Solution File, Format Version 12.00
# Visual Studio Version 17
VisualStudioVersion = 17.0.31903.59
MinimumVisualStudioVersion = 10.0.40219.1
Project("{2150E333-8FDC-42A3-9474-1A3956D46DE8}") = "src", "src", "{8E212FE8-99D7-447F-B9CE-52D9875F6FBE}"
EndProject
Project("{FAE04EC0-301F-11D3-BF4B-00C04F79EFBC}") = "PeekLinkBot", "src\PeekLinkBot\PeekLinkBot.csproj", "{B2DCD005-9C62-44FD-9B96-16606BA7234F}"
EndProject
Project("{FAE04EC0-301F-11D3-BF4B-00C04F79EFBC}") = "PeekLinkBot.Tests", "src\PeekLinkBot.Tests\PeekLinkBot.Tests.csproj", "{A0286AD2-1C02-4261-9393-DBE88FE27C9E}"
EndProject
Project("{2150E333-8FDC-42A3-9474-1A3956D46DE8}") = "Solution Items", "Solution Items", "{8EC462FD-D22E-90A8-E5CE-7E832BA40C5D}"
	ProjectSection(SolutionItems) = preProject
		README.md = README.md
	EndProjectSection
EndProject
Project("{FAE04EC0-301F-11D3-BF4B-00C04F79EFBC}") = "PeekLinkBot.Domain", "PeekLinkBot.Domain\PeekLinkBot.Domain.csproj", "{4E728EA4-58C3-4018-A5BA-5B5357C45C45}"
EndProject
Project("{FAE04EC0-301F-11D3-BF4B-00C04F79EFBC}") = "PeekLinkBot.Data", "PeekLinkBot.Data\PeekLinkBot.Data.csproj", "{19739F3D-018F-49E2-9137-D539CBF0DBD7}"
EndProject
Global
	GlobalSection(SolutionConfigurationPlatforms) = preSolution
		Debug|Any CPU = Debug|Any CPU
		Release|Any CPU = Release|Any CPU
	EndGlobalSection
	GlobalSection(ProjectConfigurationPlatforms) = postSolution
		{B2DCD005-9C62-44FD-9B96-16606BA7234F}.Debug|Any CPU.ActiveCfg = Debug|Any CPU
		{B2DCD005-9C62-44FD-9B96-16606BA7234F}.Debug|Any CPU.Build.0 = Debug|Any CPU
		{B2DCD005-9C62-44FD-9B96-16606BA7234F}.Release|Any CPU.ActiveCfg = Release|Any CPU
		{B2DCD005-9C62-44FD-9B96-16606BA7234F}.Release|Any CPU.Build.0 = Release|Any CPU
		{A0286AD2-1C02-4261-9393-DBE88FE27C9E}.Debug|Any CPU.ActiveCfg = Debug|Any CPU
		{A0286AD2-1C02-4261-9393-DBE88FE27C9E}.Debug|Any CPU.Build.0 = Debug|Any CPU
		{A0286AD2-1C02-4261-9393-DBE88FE27C9E}.Release|Any CPU.ActiveCfg = Release|Any CPU
		{A0286AD2-1C02-4261-9393-DBE88FE27C9E}.Release|Any CPU.Build.0 = Release|Any CPU
		{4E728EA4-58C3-4018-A5BA-5B5357C45C45}.Debug|Any CPU.ActiveCfg = Debug|Any CPU
		{4E728EA4-58C3-4018-A5BA-5B5357C45C45}.Debug|Any CPU.Build.0 = Debug|Any CPU
		{4E728EA4-58C3-4018-A5BA-5B5357C45C45}.Release|Any CPU.ActiveCfg = Release|Any CPU
		{4E728EA4-58C3-4018-A5BA-5B5357C45C45}.Release|Any CPU.Build.0 = Release|Any CPU
		{19739F3D-018F-49E2-9137-D539CBF0DBD7}.Debug|Any CPU.ActiveCfg = Debug|Any CPU
		{19739F3D-018F-49E2-9137-D539CBF0DBD7}.Debug|Any CPU.Build.0 = Debug|Any CPU
		{19739F3D-018F-49E2-9137-D539CBF0DBD7}.Release|Any CPU.ActiveCfg = Release|Any CPU
		{19739F3D-018F-49E2-9137-D539CBF0DBD7}.Release|Any CPU.Build.0 = Release|Any CPU
	EndGlobalSection
	GlobalSection(SolutionProperties) = preSolution
		HideSolutionNode = FALSE
	EndGlobalSection
	GlobalSection(NestedProjects) = preSolution
		{B2DCD005-9C62-44FD-9B96-16606BA7234F} = {8E212FE8-99D7-447F-B9CE-52D9875F6FBE}
		{A0286AD2-1C02-4261-9393-DBE88FE27C9E} = {8E212FE8-99D7-447F-B9CE-52D9875F6FBE}
		{4E728EA4-58C3-4018-A5BA-5B5357C45C45} = {8E212FE8-99D7-447F-B9CE-52D9875F6FBE}
		{19739F3D-018F-49E2-9137-D539CBF0DBD7} = {8E212FE8-99D7-447F-B9CE-52D9875F6FBE}
	EndGlobalSection
	GlobalSection(ExtensibilityGlobals) = postSolution
		SolutionGuid = {C0F42039-FF46-4104-B582-D3EB2F4E90A8}
	EndGlobalSection
EndGlobal
